Microsoft Visual Studio Solution File, Format Version 12.00
# Visual Studio Version 17
VisualStudioVersion = 17.5.2.0
MinimumVisualStudioVersion = 10.0.40219.1
Project("{FAE04EC0-301F-11D3-BF4B-00C04F79EFBC}") = "OrderAndDeliverySystem", "OrderAndDeliverySystem\OrderAndDeliverySystem.csproj", "{FFCE69E3-F27C-D8FC-B8B0-8FA6ACF99CA7}"
EndProject
Global
	GlobalSection(SolutionConfigurationPlatforms) = preSolution
		Debug|Any CPU = Debug|Any CPU
		Release|Any CPU = Release|Any CPU
	EndGlobalSection
	GlobalSection(ProjectConfigurationPlatforms) = postSolution
		{FFCE69E3-F27C-D8FC-B8B0-8FA6ACF99CA7}.Debug|Any CPU.ActiveCfg = Debug|Any CPU
		{FFCE69E3-F27C-D8FC-B8B0-8FA6ACF99CA7}.Debug|Any CPU.Build.0 = Debug|Any CPU
		{FFCE69E3-F27C-D8FC-B8B0-8FA6ACF99CA7}.Release|Any CPU.ActiveCfg = Release|Any CPU
		{FFCE69E3-F27C-D8FC-B8B0-8FA6ACF99CA7}.Release|Any CPU.Build.0 = Release|Any CPU
	EndGlobalSection
	GlobalSection(SolutionProperties) = preSolution
		HideSolutionNode = FALSE
	EndGlobalSection
	GlobalSection(ExtensibilityGlobals) = postSolution
		SolutionGuid = {D7568CB8-765B-4DB5-B06B-35D92DCE3A1C}
	EndGlobalSection
EndGlobal
